
Microsoft Visual Studio Solution File, Format Version 12.00
# Visual Studio Version 16
VisualStudioVersion = 16.0.30114.105
MinimumVisualStudioVersion = 10.0.40219.1
Project("{9A19103F-16F7-4668-BE54-9A1E7A4F7556}") = "IEnumerable.ExportExtension", "IEnumerableExtension\IEnumerable.ExportExtension.csproj", "{7C87769B-EE68-4AD5-BBB0-C2F735098B3E}"
EndProject
Project("{2150E333-8FDC-42A3-9474-1A3956D46DE8}") = "Tests", "Tests", "{6E142FC3-7F7C-43AD-AB49-F012CBF5B8C0}"
EndProject
Project("{FAE04EC0-301F-11D3-BF4B-00C04F79EFBC}") = "IEnumerable.ExportExtension.Demo", "Demos\IEnumerable.ExportExtension.Demo\IEnumerable.ExportExtension.Demo.csproj", "{BE06E938-EBBF-48AC-B778-F762D2D434A6}"
EndProject
Project("{FAE04EC0-301F-11D3-BF4B-00C04F79EFBC}") = "IEnumerable.ExportExtension.BenchmarkTest", "Tests\IEnumerable.ExportExtension.BenchmarkTest\IEnumerable.ExportExtension.BenchmarkTest.csproj", "{322FC195-64DC-4E4F-8345-4366CF7269D1}"
EndProject
Project("{2150E333-8FDC-42A3-9474-1A3956D46DE8}") = "Demos", "Demos", "{021176DE-65B9-45DC-B5E0-D022C1C02838}"
EndProject
Global
	GlobalSection(SolutionConfigurationPlatforms) = preSolution
		Debug|Any CPU = Debug|Any CPU
		Release|Any CPU = Release|Any CPU
	EndGlobalSection
	GlobalSection(ProjectConfigurationPlatforms) = postSolution
		{7C87769B-EE68-4AD5-BBB0-C2F735098B3E}.Debug|Any CPU.ActiveCfg = Debug|Any CPU
		{7C87769B-EE68-4AD5-BBB0-C2F735098B3E}.Debug|Any CPU.Build.0 = Debug|Any CPU
		{7C87769B-EE68-4AD5-BBB0-C2F735098B3E}.Release|Any CPU.ActiveCfg = Release|Any CPU
		{7C87769B-EE68-4AD5-BBB0-C2F735098B3E}.Release|Any CPU.Build.0 = Release|Any CPU
		{BE06E938-EBBF-48AC-B778-F762D2D434A6}.Debug|Any CPU.ActiveCfg = Debug|Any CPU
		{BE06E938-EBBF-48AC-B778-F762D2D434A6}.Debug|Any CPU.Build.0 = Debug|Any CPU
		{BE06E938-EBBF-48AC-B778-F762D2D434A6}.Release|Any CPU.ActiveCfg = Release|Any CPU
		{BE06E938-EBBF-48AC-B778-F762D2D434A6}.Release|Any CPU.Build.0 = Release|Any CPU
		{322FC195-64DC-4E4F-8345-4366CF7269D1}.Debug|Any CPU.ActiveCfg = Debug|Any CPU
		{322FC195-64DC-4E4F-8345-4366CF7269D1}.Debug|Any CPU.Build.0 = Debug|Any CPU
		{322FC195-64DC-4E4F-8345-4366CF7269D1}.Release|Any CPU.ActiveCfg = Release|Any CPU
		{322FC195-64DC-4E4F-8345-4366CF7269D1}.Release|Any CPU.Build.0 = Release|Any CPU
	EndGlobalSection
	GlobalSection(SolutionProperties) = preSolution
		HideSolutionNode = FALSE
	EndGlobalSection
	GlobalSection(NestedProjects) = preSolution
		{BE06E938-EBBF-48AC-B778-F762D2D434A6} = {021176DE-65B9-45DC-B5E0-D022C1C02838}
		{322FC195-64DC-4E4F-8345-4366CF7269D1} = {6E142FC3-7F7C-43AD-AB49-F012CBF5B8C0}
	EndGlobalSection
	GlobalSection(ExtensibilityGlobals) = postSolution
		SolutionGuid = {F3B8C99A-41CE-4A77-B466-451C7A00D587}
	EndGlobalSection
EndGlobal
